
Microsoft Visual Studio Solution File, Format Version 12.00
# Visual Studio Version 17
VisualStudioVersion = 17.2.32516.85
MinimumVisualStudioVersion = 10.0.40219.1
Project("{FAE04EC0-301F-11D3-BF4B-00C04F79EFBC}") = "MyRepoTest", "MyRepoTest\MyRepoTest.csproj", "{00E56908-0035-4848-A161-FAA5E42D6B8B}"
EndProject
Global
	GlobalSection(SolutionConfigurationPlatforms) = preSolution
		Debug|Any CPU = Debug|Any CPU
		Release|Any CPU = Release|Any CPU
	EndGlobalSection
	GlobalSection(ProjectConfigurationPlatforms) = postSolution
		{00E56908-0035-4848-A161-FAA5E42D6B8B}.Debug|Any CPU.ActiveCfg = Debug|Any CPU
		{00E56908-0035-4848-A161-FAA5E42D6B8B}.Debug|Any CPU.Build.0 = Debug|Any CPU
		{00E56908-0035-4848-A161-FAA5E42D6B8B}.Release|Any CPU.ActiveCfg = Release|Any CPU
		{00E56908-0035-4848-A161-FAA5E42D6B8B}.Release|Any CPU.Build.0 = Release|Any CPU
	EndGlobalSection
	GlobalSection(SolutionProperties) = preSolution
		HideSolutionNode = FALSE
	EndGlobalSection
	GlobalSection(ExtensibilityGlobals) = postSolution
		SolutionGuid = {0F11A2FD-5C54-45F1-8232-1E5DE6E68464}
	EndGlobalSection
EndGlobal
